
Microsoft Visual Studio Solution File, Format Version 12.00
# Visual Studio Version 16
VisualStudioVersion = 16.0.30514.5
MinimumVisualStudioVersion = 10.0.40219.1
Project("{FAE04EC0-301F-11D3-BF4B-00C04F79EFBC}") = "WebApplicationDN5", "WebApplicationDN5\WebApplicationDN5.csproj", "{CFDE307F-81CB-493B-BA8F-BFFF5A92F93F}"
EndProject
Global
	GlobalSection(SolutionConfigurationPlatforms) = preSolution
		Debug|Any CPU = Debug|Any CPU
		Release|Any CPU = Release|Any CPU
	EndGlobalSection
	GlobalSection(ProjectConfigurationPlatforms) = postSolution
		{CFDE307F-81CB-493B-BA8F-BFFF5A92F93F}.Debug|Any CPU.ActiveCfg = Debug|Any CPU
		{CFDE307F-81CB-493B-BA8F-BFFF5A92F93F}.Debug|Any CPU.Build.0 = Debug|Any CPU
		{CFDE307F-81CB-493B-BA8F-BFFF5A92F93F}.Release|Any CPU.ActiveCfg = Release|Any CPU
		{CFDE307F-81CB-493B-BA8F-BFFF5A92F93F}.Release|Any CPU.Build.0 = Release|Any CPU
	EndGlobalSection
	GlobalSection(SolutionProperties) = preSolution
		HideSolutionNode = FALSE
	EndGlobalSection
	GlobalSection(ExtensibilityGlobals) = postSolution
		SolutionGuid = {791201E6-FF5B-4385-9C2D-8E98CF49DE21}
	EndGlobalSection
EndGlobal
